{
  "requires": true,
  "lockfileVersion": 1,
  "dependencies": {
    "ag-grid-enterprise": {
      "version": "20.2.0",
      "resolved": "https://registry.npmjs.org/ag-grid-enterprise/-/ag-grid-enterprise-20.2.0.tgz",
      "integrity": "sha512-3Nd2RPjK1/HKAQ6/4TO7ZgoW0bGWsKmp03tfqO1uT4WMn6VeNBTcALdSMfkzuvEfcDbmLzTSuguxDyOJbJ7q5w=="
    }
  }
}
